{
  "name": "@fourtune/realm-js",
  "version": "1.0.4",
  "lockfileVersion": 3,
  "requires": true,
  "packages": {
    "": {
      "name": "@fourtune/realm-js",
      "version": "1.0.4",
      "license": "MIT",
      "dependencies": {
        "@anio-software/fs": "0.6.0",
        "@fourtune/js-and-web-runtime-and-rollup-plugins": "^0.35000.0"
      },
      "peerDependencies": {
        "@fourtune/core": "0.x",
        "@types/node": "22.x"
      }
    },
    "node_modules/@anio-software/fs": {
      "version": "0.6.0",
      "resolved": "https://registry.npmjs.org/@anio-software/fs/-/fs-0.6.0.tgz",
      "integrity": "sha512-wjVq+gY+tqovkE2aXnBoAL7k4yycvLvcRitLIT05TmjvafbnG/7kfsqqGlIaZaoZC3Jd/F6+c+b+P1YMCZD8KQ=="
    },
    "node_modules/@fourtune/core": {
      "version": "0.0.1",
      "resolved": "https://registry.npmjs.org/@fourtune/core/-/core-0.0.1.tgz",
      "integrity": "sha512-j8IZG5kmeqISrlHG1Jo6lN+s1QCrIWnzsIMIrIg46siT89dz4ZufQjKPsWUguwppuFhBFIFPxJBweZoNapgqOw==",
      "peer": true
    },
    "node_modules/@fourtune/js-and-web-runtime-and-rollup-plugins": {
      "version": "0.35000.0",
      "resolved": "https://registry.npmjs.org/@fourtune/js-and-web-runtime-and-rollup-plugins/-/js-and-web-runtime-and-rollup-plugins-0.35000.0.tgz",
      "integrity": "sha512-onzdCoWtrTcWLVO/7EJ1lYMQAhrdLr/RmCZNY20j1XV6nRrZzTMrN5hY3nEJezLLPqtQSprNshL0LhITU0/syg==",
      "license": "MIT"
    },
    "node_modules/@types/node": {
      "version": "22.8.4",
      "resolved": "https://registry.npmjs.org/@types/node/-/node-22.8.4.tgz",
      "integrity": "sha512-SpNNxkftTJOPk0oN+y2bIqurEXHTA2AOZ3EJDDKeJ5VzkvvORSvmQXGQarcOzWV1ac7DCaPBEdMDxBsM+d8jWw==",
      "peer": true,
      "dependencies": {
        "undici-types": "~6.19.8"
      }
    },
    "node_modules/undici-types": {
      "version": "6.19.8",
      "resolved": "https://registry.npmjs.org/undici-types/-/undici-types-6.19.8.tgz",
      "integrity": "sha512-ve2KP6f/JnbPBFyobGHuerC9g1FYGn/F8n1LWTwNxCEzd6IfqTwUQcNXgEtmmQ6DlRrC1hrSrBnCZPokRrDHjw==",
      "peer": true
    }
  }
}
